
Microsoft Visual Studio Solution File, Format Version 11.00
# Visual Studio 2010
Project("{FAE04EC0-301F-11D3-BF4B-00C04F79EFBC}") = "NaiveBayes", "src\NaiveBayes\NaiveBayes.csproj", "{A839C478-9F12-4E43-8D51-99913D00014A}"
EndProject
Project("{FAE04EC0-301F-11D3-BF4B-00C04F79EFBC}") = "Classification", "src\Classification\Classification.csproj", "{0864337F-A948-4470-8DBC-E576CB45BD9D}"
EndProject
Project("{FAE04EC0-301F-11D3-BF4B-00C04F79EFBC}") = "LatentSemanticAnalysis", "src\LatentSemanticAnalysis\LatentSemanticAnalysis.csproj", "{FCADB7C7-5DBD-4FE5-96E7-2A9E93F70221}"
EndProject
Project("{FAE04EC0-301F-11D3-BF4B-00C04F79EFBC}") = "Classification.Tests", "src\Tests\Classification.Tests\Classification.Tests.csproj", "{BC982154-38D3-4808-97F8-9707BD9FB4E0}"
EndProject
Project("{2150E333-8FDC-42A3-9474-1A3956D46DE8}") = "Tests", "Tests", "{63C2AB60-43DB-4EED-8FDB-E32177ACC7B0}"
EndProject
Project("{FAE04EC0-301F-11D3-BF4B-00C04F79EFBC}") = "LatentSemanticAnalysis.Tests", "src\Tests\LatentSemanticAnalysis.Tests\LatentSemanticAnalysis.Tests.csproj", "{9417CC46-D818-44B8-9790-E127139A0F90}"
EndProject
Project("{FAE04EC0-301F-11D3-BF4B-00C04F79EFBC}") = "Collections", "src\Collections\Collections.csproj", "{6A1285B1-FD12-4D65-9768-8613BCAA5C27}"
EndProject
Project("{FAE04EC0-301F-11D3-BF4B-00C04F79EFBC}") = "Collections.Tests", "src\Tests\Collections.Tests\Collections.Tests.csproj", "{B30BFB99-15B5-4182-8ABE-26B0547A62E8}"
EndProject
Project("{FAE04EC0-301F-11D3-BF4B-00C04F79EFBC}") = "NonnegativeMatrixFactorization", "src\NonnegativeMatrixFactorization\NonnegativeMatrixFactorization.csproj", "{CDA7B180-C24E-4D3A-8819-5865E896110F}"
EndProject
Project("{FAE04EC0-301F-11D3-BF4B-00C04F79EFBC}") = "NonnegativeMatrixFactorization.Tests", "src\Tests\NonnegativeMatrixFactorization.Tests\NonnegativeMatrixFactorization.Tests.csproj", "{6739A869-64A6-4A87-ABF5-5F202EC421E6}"
EndProject
Project("{FAE04EC0-301F-11D3-BF4B-00C04F79EFBC}") = "TestHelpers", "src\Tests\TestHelpers\TestHelpers.csproj", "{3EA36C72-94E1-4554-B703-C42423C4F248}"
EndProject
Project("{2150E333-8FDC-42A3-9474-1A3956D46DE8}") = "Sandbox", "Sandbox", "{31A4EC42-542E-4B52-B85D-DA1D6F8A7E49}"
EndProject
Project("{FAE04EC0-301F-11D3-BF4B-00C04F79EFBC}") = "NMF_Performance", "src\Tests\Sandbox\NMF_Performance\NMF_Performance.csproj", "{75558458-D175-4AB6-AFF6-43D4E6A7130D}"
EndProject
Project("{2150E333-8FDC-42A3-9474-1A3956D46DE8}") = ".nuget", ".nuget", "{AC04AE8A-8FD8-4FE9-A99C-CF3F24475559}"
	ProjectSection(SolutionItems) = preProject
		.nuget\NuGet.Config = .nuget\NuGet.Config
		.nuget\nuget.exe = .nuget\nuget.exe
		.nuget\NuGet.targets = .nuget\NuGet.targets
		.nuget\packages.config = .nuget\packages.config
	EndProjectSection
EndProject
Project("{FAE04EC0-301F-11D3-BF4B-00C04F79EFBC}") = "Classification.Interfaces", "src\Classification.Interfaces\Classification.Interfaces.csproj", "{F831BA27-0202-4988-959C-3DCEF7929FEB}"
EndProject
Project("{FAE04EC0-301F-11D3-BF4B-00C04F79EFBC}") = "Classification.Model", "src\Classification.Model\Classification.Model.csproj", "{C52C782A-DFAB-418B-94F5-1E7E1AC1D679}"
EndProject
Project("{2150E333-8FDC-42A3-9474-1A3956D46DE8}") = "Interfaces", "Interfaces", "{997DDFB9-D116-4D2E-98C0-B2A36EEF8453}"
EndProject
Project("{2150E333-8FDC-42A3-9474-1A3956D46DE8}") = "Models", "Models", "{12DADF05-D31D-4DC1-A3A4-639656D815BF}"
EndProject
Global
	GlobalSection(SolutionConfigurationPlatforms) = preSolution
		Debug|Any CPU = Debug|Any CPU
		Debug|Mixed Platforms = Debug|Mixed Platforms
		Debug|x86 = Debug|x86
		Release|Any CPU = Release|Any CPU
		Release|Mixed Platforms = Release|Mixed Platforms
		Release|x86 = Release|x86
	EndGlobalSection
	GlobalSection(ProjectConfigurationPlatforms) = postSolution
		{A839C478-9F12-4E43-8D51-99913D00014A}.Debug|Any CPU.ActiveCfg = Debug|Any CPU
		{A839C478-9F12-4E43-8D51-99913D00014A}.Debug|Any CPU.Build.0 = Debug|Any CPU
		{A839C478-9F12-4E43-8D51-99913D00014A}.Debug|Mixed Platforms.ActiveCfg = Debug|Any CPU
		{A839C478-9F12-4E43-8D51-99913D00014A}.Debug|Mixed Platforms.Build.0 = Debug|Any CPU
		{A839C478-9F12-4E43-8D51-99913D00014A}.Debug|x86.ActiveCfg = Debug|Any CPU
		{A839C478-9F12-4E43-8D51-99913D00014A}.Release|Any CPU.ActiveCfg = Release|Any CPU
		{A839C478-9F12-4E43-8D51-99913D00014A}.Release|Any CPU.Build.0 = Release|Any CPU
		{A839C478-9F12-4E43-8D51-99913D00014A}.Release|Mixed Platforms.ActiveCfg = Release|Any CPU
		{A839C478-9F12-4E43-8D51-99913D00014A}.Release|Mixed Platforms.Build.0 = Release|Any CPU
		{A839C478-9F12-4E43-8D51-99913D00014A}.Release|x86.ActiveCfg = Release|Any CPU
		{0864337F-A948-4470-8DBC-E576CB45BD9D}.Debug|Any CPU.ActiveCfg = Debug|Any CPU
		{0864337F-A948-4470-8DBC-E576CB45BD9D}.Debug|Any CPU.Build.0 = Debug|Any CPU
		{0864337F-A948-4470-8DBC-E576CB45BD9D}.Debug|Mixed Platforms.ActiveCfg = Debug|Any CPU
		{0864337F-A948-4470-8DBC-E576CB45BD9D}.Debug|Mixed Platforms.Build.0 = Debug|Any CPU
		{0864337F-A948-4470-8DBC-E576CB45BD9D}.Debug|x86.ActiveCfg = Debug|Any CPU
		{0864337F-A948-4470-8DBC-E576CB45BD9D}.Release|Any CPU.ActiveCfg = Release|Any CPU
		{0864337F-A948-4470-8DBC-E576CB45BD9D}.Release|Any CPU.Build.0 = Release|Any CPU
		{0864337F-A948-4470-8DBC-E576CB45BD9D}.Release|Mixed Platforms.ActiveCfg = Release|Any CPU
		{0864337F-A948-4470-8DBC-E576CB45BD9D}.Release|Mixed Platforms.Build.0 = Release|Any CPU
		{0864337F-A948-4470-8DBC-E576CB45BD9D}.Release|x86.ActiveCfg = Release|Any CPU
		{FCADB7C7-5DBD-4FE5-96E7-2A9E93F70221}.Debug|Any CPU.ActiveCfg = Debug|Any CPU
		{FCADB7C7-5DBD-4FE5-96E7-2A9E93F70221}.Debug|Any CPU.Build.0 = Debug|Any CPU
		{FCADB7C7-5DBD-4FE5-96E7-2A9E93F70221}.Debug|Mixed Platforms.ActiveCfg = Debug|Any CPU
		{FCADB7C7-5DBD-4FE5-96E7-2A9E93F70221}.Debug|Mixed Platforms.Build.0 = Debug|Any CPU
		{FCADB7C7-5DBD-4FE5-96E7-2A9E93F70221}.Debug|x86.ActiveCfg = Debug|Any CPU
		{FCADB7C7-5DBD-4FE5-96E7-2A9E93F70221}.Release|Any CPU.ActiveCfg = Release|Any CPU
		{FCADB7C7-5DBD-4FE5-96E7-2A9E93F70221}.Release|Any CPU.Build.0 = Release|Any CPU
		{FCADB7C7-5DBD-4FE5-96E7-2A9E93F70221}.Release|Mixed Platforms.ActiveCfg = Release|Any CPU
		{FCADB7C7-5DBD-4FE5-96E7-2A9E93F70221}.Release|Mixed Platforms.Build.0 = Release|Any CPU
		{FCADB7C7-5DBD-4FE5-96E7-2A9E93F70221}.Release|x86.ActiveCfg = Release|Any CPU
		{BC982154-38D3-4808-97F8-9707BD9FB4E0}.Debug|Any CPU.ActiveCfg = Debug|Any CPU
		{BC982154-38D3-4808-97F8-9707BD9FB4E0}.Debug|Any CPU.Build.0 = Debug|Any CPU
		{BC982154-38D3-4808-97F8-9707BD9FB4E0}.Debug|Mixed Platforms.ActiveCfg = Debug|Any CPU
		{BC982154-38D3-4808-97F8-9707BD9FB4E0}.Debug|Mixed Platforms.Build.0 = Debug|Any CPU
		{BC982154-38D3-4808-97F8-9707BD9FB4E0}.Debug|x86.ActiveCfg = Debug|Any CPU
		{BC982154-38D3-4808-97F8-9707BD9FB4E0}.Release|Any CPU.ActiveCfg = Release|Any CPU
		{BC982154-38D3-4808-97F8-9707BD9FB4E0}.Release|Any CPU.Build.0 = Release|Any CPU
		{BC982154-38D3-4808-97F8-9707BD9FB4E0}.Release|Mixed Platforms.ActiveCfg = Release|Any CPU
		{BC982154-38D3-4808-97F8-9707BD9FB4E0}.Release|Mixed Platforms.Build.0 = Release|Any CPU
		{BC982154-38D3-4808-97F8-9707BD9FB4E0}.Release|x86.ActiveCfg = Release|Any CPU
		{9417CC46-D818-44B8-9790-E127139A0F90}.Debug|Any CPU.ActiveCfg = Debug|Any CPU
		{9417CC46-D818-44B8-9790-E127139A0F90}.Debug|Any CPU.Build.0 = Debug|Any CPU
		{9417CC46-D818-44B8-9790-E127139A0F90}.Debug|Mixed Platforms.ActiveCfg = Debug|Any CPU
		{9417CC46-D818-44B8-9790-E127139A0F90}.Debug|Mixed Platforms.Build.0 = Debug|Any CPU
		{9417CC46-D818-44B8-9790-E127139A0F90}.Debug|x86.ActiveCfg = Debug|Any CPU
		{9417CC46-D818-44B8-9790-E127139A0F90}.Release|Any CPU.ActiveCfg = Release|Any CPU
		{9417CC46-D818-44B8-9790-E127139A0F90}.Release|Any CPU.Build.0 = Release|Any CPU
		{9417CC46-D818-44B8-9790-E127139A0F90}.Release|Mixed Platforms.ActiveCfg = Release|Any CPU
		{9417CC46-D818-44B8-9790-E127139A0F90}.Release|Mixed Platforms.Build.0 = Release|Any CPU
		{9417CC46-D818-44B8-9790-E127139A0F90}.Release|x86.ActiveCfg = Release|Any CPU
		{6A1285B1-FD12-4D65-9768-8613BCAA5C27}.Debug|Any CPU.ActiveCfg = Debug|Any CPU
		{6A1285B1-FD12-4D65-9768-8613BCAA5C27}.Debug|Any CPU.Build.0 = Debug|Any CPU
		{6A1285B1-FD12-4D65-9768-8613BCAA5C27}.Debug|Mixed Platforms.ActiveCfg = Debug|Any CPU
		{6A1285B1-FD12-4D65-9768-8613BCAA5C27}.Debug|Mixed Platforms.Build.0 = Debug|Any CPU
		{6A1285B1-FD12-4D65-9768-8613BCAA5C27}.Debug|x86.ActiveCfg = Debug|Any CPU
		{6A1285B1-FD12-4D65-9768-8613BCAA5C27}.Release|Any CPU.ActiveCfg = Release|Any CPU
		{6A1285B1-FD12-4D65-9768-8613BCAA5C27}.Release|Any CPU.Build.0 = Release|Any CPU
		{6A1285B1-FD12-4D65-9768-8613BCAA5C27}.Release|Mixed Platforms.ActiveCfg = Release|Any CPU
		{6A1285B1-FD12-4D65-9768-8613BCAA5C27}.Release|Mixed Platforms.Build.0 = Release|Any CPU
		{6A1285B1-FD12-4D65-9768-8613BCAA5C27}.Release|x86.ActiveCfg = Release|Any CPU
		{B30BFB99-15B5-4182-8ABE-26B0547A62E8}.Debug|Any CPU.ActiveCfg = Debug|Any CPU
		{B30BFB99-15B5-4182-8ABE-26B0547A62E8}.Debug|Any CPU.Build.0 = Debug|Any CPU
		{B30BFB99-15B5-4182-8ABE-26B0547A62E8}.Debug|Mixed Platforms.ActiveCfg = Debug|Any CPU
		{B30BFB99-15B5-4182-8ABE-26B0547A62E8}.Debug|Mixed Platforms.Build.0 = Debug|Any CPU
		{B30BFB99-15B5-4182-8ABE-26B0547A62E8}.Debug|x86.ActiveCfg = Debug|Any CPU
		{B30BFB99-15B5-4182-8ABE-26B0547A62E8}.Release|Any CPU.ActiveCfg = Release|Any CPU
		{B30BFB99-15B5-4182-8ABE-26B0547A62E8}.Release|Any CPU.Build.0 = Release|Any CPU
		{B30BFB99-15B5-4182-8ABE-26B0547A62E8}.Release|Mixed Platforms.ActiveCfg = Release|Any CPU
		{B30BFB99-15B5-4182-8ABE-26B0547A62E8}.Release|Mixed Platforms.Build.0 = Release|Any CPU
		{B30BFB99-15B5-4182-8ABE-26B0547A62E8}.Release|x86.ActiveCfg = Release|Any CPU
		{CDA7B180-C24E-4D3A-8819-5865E896110F}.Debug|Any CPU.ActiveCfg = Debug|Any CPU
		{CDA7B180-C24E-4D3A-8819-5865E896110F}.Debug|Any CPU.Build.0 = Debug|Any CPU
		{CDA7B180-C24E-4D3A-8819-5865E896110F}.Debug|Mixed Platforms.ActiveCfg = Debug|Any CPU
		{CDA7B180-C24E-4D3A-8819-5865E896110F}.Debug|Mixed Platforms.Build.0 = Debug|Any CPU
		{CDA7B180-C24E-4D3A-8819-5865E896110F}.Debug|x86.ActiveCfg = Debug|Any CPU
		{CDA7B180-C24E-4D3A-8819-5865E896110F}.Release|Any CPU.ActiveCfg = Release|Any CPU
		{CDA7B180-C24E-4D3A-8819-5865E896110F}.Release|Any CPU.Build.0 = Release|Any CPU
		{CDA7B180-C24E-4D3A-8819-5865E896110F}.Release|Mixed Platforms.ActiveCfg = Release|Any CPU
		{CDA7B180-C24E-4D3A-8819-5865E896110F}.Release|Mixed Platforms.Build.0 = Release|Any CPU
		{CDA7B180-C24E-4D3A-8819-5865E896110F}.Release|x86.ActiveCfg = Release|Any CPU
		{6739A869-64A6-4A87-ABF5-5F202EC421E6}.Debug|Any CPU.ActiveCfg = Debug|Any CPU
		{6739A869-64A6-4A87-ABF5-5F202EC421E6}.Debug|Any CPU.Build.0 = Debug|Any CPU
		{6739A869-64A6-4A87-ABF5-5F202EC421E6}.Debug|Mixed Platforms.ActiveCfg = Debug|Any CPU
		{6739A869-64A6-4A87-ABF5-5F202EC421E6}.Debug|Mixed Platforms.Build.0 = Debug|Any CPU
		{6739A869-64A6-4A87-ABF5-5F202EC421E6}.Debug|x86.ActiveCfg = Debug|Any CPU
		{6739A869-64A6-4A87-ABF5-5F202EC421E6}.Release|Any CPU.ActiveCfg = Release|Any CPU
		{6739A869-64A6-4A87-ABF5-5F202EC421E6}.Release|Any CPU.Build.0 = Release|Any CPU
		{6739A869-64A6-4A87-ABF5-5F202EC421E6}.Release|Mixed Platforms.ActiveCfg = Release|Any CPU
		{6739A869-64A6-4A87-ABF5-5F202EC421E6}.Release|Mixed Platforms.Build.0 = Release|Any CPU
		{6739A869-64A6-4A87-ABF5-5F202EC421E6}.Release|x86.ActiveCfg = Release|Any CPU
		{3EA36C72-94E1-4554-B703-C42423C4F248}.Debug|Any CPU.ActiveCfg = Debug|Any CPU
		{3EA36C72-94E1-4554-B703-C42423C4F248}.Debug|Any CPU.Build.0 = Debug|Any CPU
		{3EA36C72-94E1-4554-B703-C42423C4F248}.Debug|Mixed Platforms.ActiveCfg = Debug|Any CPU
		{3EA36C72-94E1-4554-B703-C42423C4F248}.Debug|Mixed Platforms.Build.0 = Debug|Any CPU
		{3EA36C72-94E1-4554-B703-C42423C4F248}.Debug|x86.ActiveCfg = Debug|Any CPU
		{3EA36C72-94E1-4554-B703-C42423C4F248}.Release|Any CPU.ActiveCfg = Release|Any CPU
		{3EA36C72-94E1-4554-B703-C42423C4F248}.Release|Any CPU.Build.0 = Release|Any CPU
		{3EA36C72-94E1-4554-B703-C42423C4F248}.Release|Mixed Platforms.ActiveCfg = Release|Any CPU
		{3EA36C72-94E1-4554-B703-C42423C4F248}.Release|Mixed Platforms.Build.0 = Release|Any CPU
		{3EA36C72-94E1-4554-B703-C42423C4F248}.Release|x86.ActiveCfg = Release|Any CPU
		{75558458-D175-4AB6-AFF6-43D4E6A7130D}.Debug|Any CPU.ActiveCfg = Debug|Any CPU
		{75558458-D175-4AB6-AFF6-43D4E6A7130D}.Debug|Any CPU.Build.0 = Debug|Any CPU
		{75558458-D175-4AB6-AFF6-43D4E6A7130D}.Debug|Mixed Platforms.ActiveCfg = Debug|Any CPU
		{75558458-D175-4AB6-AFF6-43D4E6A7130D}.Debug|Mixed Platforms.Build.0 = Debug|Any CPU
		{75558458-D175-4AB6-AFF6-43D4E6A7130D}.Debug|x86.ActiveCfg = Debug|Any CPU
		{75558458-D175-4AB6-AFF6-43D4E6A7130D}.Release|Any CPU.ActiveCfg = Release|Any CPU
		{75558458-D175-4AB6-AFF6-43D4E6A7130D}.Release|Any CPU.Build.0 = Release|Any CPU
		{75558458-D175-4AB6-AFF6-43D4E6A7130D}.Release|Mixed Platforms.ActiveCfg = Release|Any CPU
		{75558458-D175-4AB6-AFF6-43D4E6A7130D}.Release|Mixed Platforms.Build.0 = Release|Any CPU
		{75558458-D175-4AB6-AFF6-43D4E6A7130D}.Release|x86.ActiveCfg = Release|Any CPU
		{F831BA27-0202-4988-959C-3DCEF7929FEB}.Debug|Any CPU.ActiveCfg = Debug|Any CPU
		{F831BA27-0202-4988-959C-3DCEF7929FEB}.Debug|Any CPU.Build.0 = Debug|Any CPU
		{F831BA27-0202-4988-959C-3DCEF7929FEB}.Debug|Mixed Platforms.ActiveCfg = Debug|Any CPU
		{F831BA27-0202-4988-959C-3DCEF7929FEB}.Debug|Mixed Platforms.Build.0 = Debug|Any CPU
		{F831BA27-0202-4988-959C-3DCEF7929FEB}.Debug|x86.ActiveCfg = Debug|Any CPU
		{F831BA27-0202-4988-959C-3DCEF7929FEB}.Release|Any CPU.ActiveCfg = Release|Any CPU
		{F831BA27-0202-4988-959C-3DCEF7929FEB}.Release|Any CPU.Build.0 = Release|Any CPU
		{F831BA27-0202-4988-959C-3DCEF7929FEB}.Release|Mixed Platforms.ActiveCfg = Release|Any CPU
		{F831BA27-0202-4988-959C-3DCEF7929FEB}.Release|Mixed Platforms.Build.0 = Release|Any CPU
		{F831BA27-0202-4988-959C-3DCEF7929FEB}.Release|x86.ActiveCfg = Release|Any CPU
		{C52C782A-DFAB-418B-94F5-1E7E1AC1D679}.Debug|Any CPU.ActiveCfg = Debug|Any CPU
		{C52C782A-DFAB-418B-94F5-1E7E1AC1D679}.Debug|Any CPU.Build.0 = Debug|Any CPU
		{C52C782A-DFAB-418B-94F5-1E7E1AC1D679}.Debug|Mixed Platforms.ActiveCfg = Debug|Any CPU
		{C52C782A-DFAB-418B-94F5-1E7E1AC1D679}.Debug|Mixed Platforms.Build.0 = Debug|Any CPU
		{C52C782A-DFAB-418B-94F5-1E7E1AC1D679}.Debug|x86.ActiveCfg = Debug|Any CPU
		{C52C782A-DFAB-418B-94F5-1E7E1AC1D679}.Release|Any CPU.ActiveCfg = Release|Any CPU
		{C52C782A-DFAB-418B-94F5-1E7E1AC1D679}.Release|Any CPU.Build.0 = Release|Any CPU
		{C52C782A-DFAB-418B-94F5-1E7E1AC1D679}.Release|Mixed Platforms.ActiveCfg = Release|Any CPU
		{C52C782A-DFAB-418B-94F5-1E7E1AC1D679}.Release|Mixed Platforms.Build.0 = Release|Any CPU
		{C52C782A-DFAB-418B-94F5-1E7E1AC1D679}.Release|x86.ActiveCfg = Release|Any CPU
	EndGlobalSection
	GlobalSection(SolutionProperties) = preSolution
		HideSolutionNode = FALSE
	EndGlobalSection
	GlobalSection(NestedProjects) = preSolution
		{BC982154-38D3-4808-97F8-9707BD9FB4E0} = {63C2AB60-43DB-4EED-8FDB-E32177ACC7B0}
		{9417CC46-D818-44B8-9790-E127139A0F90} = {63C2AB60-43DB-4EED-8FDB-E32177ACC7B0}
		{B30BFB99-15B5-4182-8ABE-26B0547A62E8} = {63C2AB60-43DB-4EED-8FDB-E32177ACC7B0}
		{6739A869-64A6-4A87-ABF5-5F202EC421E6} = {63C2AB60-43DB-4EED-8FDB-E32177ACC7B0}
		{3EA36C72-94E1-4554-B703-C42423C4F248} = {63C2AB60-43DB-4EED-8FDB-E32177ACC7B0}
		{31A4EC42-542E-4B52-B85D-DA1D6F8A7E49} = {63C2AB60-43DB-4EED-8FDB-E32177ACC7B0}
		{75558458-D175-4AB6-AFF6-43D4E6A7130D} = {31A4EC42-542E-4B52-B85D-DA1D6F8A7E49}
		{F831BA27-0202-4988-959C-3DCEF7929FEB} = {997DDFB9-D116-4D2E-98C0-B2A36EEF8453}
		{C52C782A-DFAB-418B-94F5-1E7E1AC1D679} = {12DADF05-D31D-4DC1-A3A4-639656D815BF}
		{6A1285B1-FD12-4D65-9768-8613BCAA5C27} = {12DADF05-D31D-4DC1-A3A4-639656D815BF}
	EndGlobalSection
EndGlobal
