
Microsoft Visual Studio Solution File, Format Version 11.00
# Visual Studio 2010
Project("{FAE04EC0-301F-11D3-BF4B-00C04F79EFBC}") = "NaiveBayes", "src\NaiveBayes\NaiveBayes.csproj", "{A839C478-9F12-4E43-8D51-99913D00014A}"
EndProject
Project("{FAE04EC0-301F-11D3-BF4B-00C04F79EFBC}") = "Classification", "src\Classification\Classification.csproj", "{0864337F-A948-4470-8DBC-E576CB45BD9D}"
EndProject
Global
	GlobalSection(SolutionConfigurationPlatforms) = preSolution
		Debug|Any CPU = Debug|Any CPU
		Release|Any CPU = Release|Any CPU
	EndGlobalSection
	GlobalSection(ProjectConfigurationPlatforms) = postSolution
		{A839C478-9F12-4E43-8D51-99913D00014A}.Debug|Any CPU.ActiveCfg = Debug|Any CPU
		{A839C478-9F12-4E43-8D51-99913D00014A}.Debug|Any CPU.Build.0 = Debug|Any CPU
		{A839C478-9F12-4E43-8D51-99913D00014A}.Release|Any CPU.ActiveCfg = Release|Any CPU
		{A839C478-9F12-4E43-8D51-99913D00014A}.Release|Any CPU.Build.0 = Release|Any CPU
		{0864337F-A948-4470-8DBC-E576CB45BD9D}.Debug|Any CPU.ActiveCfg = Debug|Any CPU
		{0864337F-A948-4470-8DBC-E576CB45BD9D}.Debug|Any CPU.Build.0 = Debug|Any CPU
		{0864337F-A948-4470-8DBC-E576CB45BD9D}.Release|Any CPU.ActiveCfg = Release|Any CPU
		{0864337F-A948-4470-8DBC-E576CB45BD9D}.Release|Any CPU.Build.0 = Release|Any CPU
	EndGlobalSection
	GlobalSection(SolutionProperties) = preSolution
		HideSolutionNode = FALSE
	EndGlobalSection
EndGlobal
